
Microsoft Visual Studio Solution File, Format Version 12.00
# Visual Studio Version 16
VisualStudioVersion = 16.0.30011.22
MinimumVisualStudioVersion = 10.0.40219.1
Project("{FAE04EC0-301F-11D3-BF4B-00C04F79EFBC}") = "2FunWithIfElse", "2FunWithIfElse\2FunWithIfElse.csproj", "{944D7ECA-639F-4F56-B982-812340A2EBA6}"
EndProject
Global
	GlobalSection(SolutionConfigurationPlatforms) = preSolution
		Debug|Any CPU = Debug|Any CPU
		Release|Any CPU = Release|Any CPU
	EndGlobalSection
	GlobalSection(ProjectConfigurationPlatforms) = postSolution
		{944D7ECA-639F-4F56-B982-812340A2EBA6}.Debug|Any CPU.ActiveCfg = Debug|Any CPU
		{944D7ECA-639F-4F56-B982-812340A2EBA6}.Debug|Any CPU.Build.0 = Debug|Any CPU
		{944D7ECA-639F-4F56-B982-812340A2EBA6}.Release|Any CPU.ActiveCfg = Release|Any CPU
		{944D7ECA-639F-4F56-B982-812340A2EBA6}.Release|Any CPU.Build.0 = Release|Any CPU
	EndGlobalSection
	GlobalSection(SolutionProperties) = preSolution
		HideSolutionNode = FALSE
	EndGlobalSection
	GlobalSection(ExtensibilityGlobals) = postSolution
		SolutionGuid = {3B98D308-C072-4E81-8D59-CEC543FEA612}
	EndGlobalSection
EndGlobal
